# @generated - this file is auto-generated by `mise lock` https://mise.jdx.dev/dev-tools/mise-lock.html

lockfile_version = 1

[[tools."aqua:1password/cli"]]
version = "v2.39.0"
backend = "aqua:1password/cli"
specifiers = ["v2.39.0"]

[tools."aqua:1password/cli"."platforms.linux-x64"]
url = "https://cache.agilebits.com/dist/1P/op2/pkg/v2.39.0/op_linux_amd64_v2.39.0.zip"

[tools."aqua:1password/cli"."platforms.macos-arm64"]
url = "https://cache.agilebits.com/dist/1P/op2/pkg/v2.39.0/op_darwin_arm64_v2.39.0.zip"

[[tools."aqua:FiloSottile/age"]]
version = "1.3.1"
backend = "aqua:FiloSottile/age"
specifiers = ["1"]

[tools."aqua:FiloSottile/age"."platforms.linux-x64"]
checksum = "sha256:bdc69c09cbdd6cf8b1f333d372a1f58247b3a33146406333e30c0f26e8f51377"
url = "https://github.com/FiloSottile/age/releases/download/v1.3.1/age-v1.3.1-linux-amd64.tar.gz"
url_api = "https://api.github.com/repos/FiloSottile/age/releases/assets/333752671"
provenance = "github-attestations"

[tools."aqua:FiloSottile/age"."platforms.macos-arm64"]
checksum = "sha256:01120ea2cbf0463d4c6bd767f99f3271bbed1cdc8a9aa718a76ba1fe4f01998b"
url = "https://github.com/FiloSottile/age/releases/download/v1.3.1/age-v1.3.1-darwin-arm64.tar.gz"
url_api = "https://api.github.com/repos/FiloSottile/age/releases/assets/333752669"
provenance = "github-attestations"

[[tools."aqua:astral-sh/uv"]]
version = "0.12.5"
backend = "aqua:astral-sh/uv"
specifiers = ["0.12"]

[tools."aqua:astral-sh/uv"."platforms.linux-x64"]
checksum = "sha256:68a509da24b06b4223a1c0175fb5eb5bc79342b76cbeff0cfe51ac3f5b17b6b2"
url = "https://github.com/astral-sh/uv/releases/download/0.12.5/uv-x86_64-unknown-linux-gnu.tar.gz"
url_api = "https://api.github.com/repos/astral-sh/uv/releases/assets/514851093"
provenance = "github-attestations"

[tools."aqua:astral-sh/uv"."platforms.macos-arm64"]
checksum = "sha256:5bb0e5fe008a773c3dbcb97ff79cd89e1241464fe9d2f986d52ad8f1b037bd62"
url = "https://github.com/astral-sh/uv/releases/download/0.12.5/uv-aarch64-apple-darwin.tar.gz"
url_api = "https://api.github.com/repos/astral-sh/uv/releases/assets/514850968"
provenance = "github-attestations"

[[tools."aqua:casey/just"]]
version = "1.58.0"
backend = "aqua:casey/just"
specifiers = ["1"]

[tools."aqua:casey/just"."platforms.linux-x64"]
checksum = "sha256:4a5cc2f53e6f0f8c59092a6cc38291eb729d46a7dd95d3ae582008881b84931d"
url = "https://github.com/casey/just/releases/download/1.58.0/just-1.58.0-x86_64-unknown-linux-musl.tar.gz"
url_api = "https://api.github.com/repos/casey/just/releases/assets/500509978"

[tools."aqua:casey/just"."platforms.macos-arm64"]
checksum = "sha256:50ae3e996c974a0bf32ea7d10f495070df33f1b43e0616b2769e3d4821ed8f48"
url = "https://github.com/casey/just/releases/download/1.58.0/just-1.58.0-aarch64-apple-darwin.tar.gz"
url_api = "https://api.github.com/repos/casey/just/releases/assets/500509965"

[[tools."aqua:charmbracelet/gum"]]
version = "0.17.0"
backend = "aqua:charmbracelet/gum"
specifiers = ["0.17"]

[tools."aqua:charmbracelet/gum"."platforms.linux-x64"]
checksum = "sha256:69ee169bd6387331928864e94d47ed01ef649fbfe875baed1bbf27b5377a6fdb"
url = "https://github.com/charmbracelet/gum/releases/download/v0.17.0/gum_0.17.0_Linux_x86_64.tar.gz"
url_api = "https://api.github.com/repos/charmbracelet/gum/releases/assets/290080949"

[tools."aqua:charmbracelet/gum"."platforms.macos-arm64"]
checksum = "sha256:e2a4b8596efa05821d8c58d0c1afbcd7ad1699ba69c689cc3ff23a4a99c8b237"
url = "https://github.com/charmbracelet/gum/releases/download/v0.17.0/gum_0.17.0_Darwin_arm64.tar.gz"
url_api = "https://api.github.com/repos/charmbracelet/gum/releases/assets/290080948"

[[tools."aqua:docker/compose"]]
version = "5.5.0"
backend = "aqua:docker/compose"
specifiers = ["5.5.0"]

[tools."aqua:docker/compose"."platforms.linux-x64"]
checksum = "sha256:c57ab918abd5b05ca7e7d0f275875dd1330a695074f309dc9eab1b49efafcd4b"
url = "https://github.com/docker/compose/releases/download/v5.5.0/docker-compose-linux-x86_64"
url_api = "https://api.github.com/repos/docker/compose/releases/assets/517869325"
provenance = "cosign"

[tools."aqua:docker/compose"."platforms.macos-arm64"]
checksum = "sha256:6777710e5a5db5709e5f4b5985844e74b73cc1a6123e3a6690b6ababf2deaf51"
url = "https://github.com/docker/compose/releases/download/v5.5.0/docker-compose-darwin-aarch64"
url_api = "https://api.github.com/repos/docker/compose/releases/assets/517869368"
provenance = "cosign"

[[tools."aqua:getsops/sops"]]
version = "3.13.3"
backend = "aqua:getsops/sops"
specifiers = ["3"]

[tools."aqua:getsops/sops"."platforms.linux-x64"]
checksum = "sha256:e5bec3346a873ae91d871550f3e698c1aad962aff462a080e40f25fde17fef6b"
url = "https://github.com/getsops/sops/releases/download/v3.13.3/sops-v3.13.3.linux.amd64"
url_api = "https://api.github.com/repos/getsops/sops/releases/assets/486808201"

[tools."aqua:getsops/sops"."platforms.linux-x64".provenance.slsa]
url = "https://github.com/getsops/sops/releases/download/v3.13.3/sops-v3.13.3.intoto.jsonl"

[tools."aqua:getsops/sops"."platforms.macos-arm64"]
checksum = "sha256:b97c0d434aab577dc40310e8d22ff9e45eef4c80638ab978daae9b4681c59286"
url = "https://github.com/getsops/sops/releases/download/v3.13.3/sops-v3.13.3.darwin.arm64"
url_api = "https://api.github.com/repos/getsops/sops/releases/assets/486808198"

[tools."aqua:getsops/sops"."platforms.macos-arm64".provenance.slsa]
url = "https://github.com/getsops/sops/releases/download/v3.13.3/sops-v3.13.3.intoto.jsonl"

[[tools."aqua:gitleaks/gitleaks"]]
version = "8.30.0"
backend = "aqua:gitleaks/gitleaks"
specifiers = ["8.30.0"]

[tools."aqua:gitleaks/gitleaks"."platforms.linux-x64"]
checksum = "sha256:79a3ab579b53f71efd634f3aaf7e04a0fa0cf206b7ed434638d1547a2470a66e"
url = "https://github.com/gitleaks/gitleaks/releases/download/v8.30.0/gitleaks_8.30.0_linux_x64.tar.gz"
url_api = "https://api.github.com/repos/gitleaks/gitleaks/releases/assets/321137328"

[tools."aqua:gitleaks/gitleaks"."platforms.macos-arm64"]
checksum = "sha256:b251ab2bcd4cd8ba9e56ff37698c033ebf38582b477d21ebd86586d927cf87e7"
url = "https://github.com/gitleaks/gitleaks/releases/download/v8.30.0/gitleaks_8.30.0_darwin_arm64.tar.gz"
url_api = "https://api.github.com/repos/gitleaks/gitleaks/releases/assets/321137755"

[[tools."aqua:google/yamlfmt"]]
version = "0.21.0"
backend = "aqua:google/yamlfmt"
specifiers = ["0.21"]

[tools."aqua:google/yamlfmt"."platforms.linux-x64"]
checksum = "sha256:1f300d9257b232bb3b541d7fb1b0e6b3c121bcbab381c86cd38cb8722be8a566"
url = "https://github.com/google/yamlfmt/releases/download/v0.21.0/yamlfmt_0.21.0_Linux_x86_64.tar.gz"
url_api = "https://api.github.com/repos/google/yamlfmt/releases/assets/336650203"

[tools."aqua:google/yamlfmt"."platforms.macos-arm64"]
checksum = "sha256:4b417ecb94339d57e4c122ecc948c1a00fe328b5853266de9806e652a92858fa"
url = "https://github.com/google/yamlfmt/releases/download/v0.21.0/yamlfmt_0.21.0_Darwin_arm64.tar.gz"
url_api = "https://api.github.com/repos/google/yamlfmt/releases/assets/336650209"

[[tools."aqua:helm/helm"]]
version = "4.2.4"
backend = "aqua:helm/helm"
specifiers = ["4"]

[tools."aqua:helm/helm"."platforms.linux-x64"]
checksum = "sha256:c306b46f719b0a4da32d0f78ee21bf90ce8d602f15b22ab753f0674d1670a7f3"
url = "https://get.helm.sh/helm-v4.2.4-linux-amd64.tar.gz"

[tools."aqua:helm/helm"."platforms.macos-arm64"]
checksum = "sha256:d747eb4e28bd2727173d15b759fa0a17822291ec09db7ced3d55af290a3661a2"
url = "https://get.helm.sh/helm-v4.2.4-darwin-arm64.tar.gz"

[[tools."aqua:helmfile/helmfile"]]
version = "1.7.4"
backend = "aqua:helmfile/helmfile"
specifiers = ["1"]

[tools."aqua:helmfile/helmfile"."platforms.linux-x64"]
checksum = "sha256:f96ef0a015df06b29d7f38bf0ca08821018ae25eb96bf2c7abd3affa1b84e112"
url = "https://github.com/helmfile/helmfile/releases/download/v1.7.4/helmfile_1.7.4_linux_amd64.tar.gz"
url_api = "https://api.github.com/repos/helmfile/helmfile/releases/assets/516813296"

[tools."aqua:helmfile/helmfile"."platforms.macos-arm64"]
checksum = "sha256:e1490d371fecc1f2d9aae914ef34058f3cb2363c9ee63350b37a85c3994d71d9"
url = "https://github.com/helmfile/helmfile/releases/download/v1.7.4/helmfile_1.7.4_darwin_arm64.tar.gz"
url_api = "https://api.github.com/repos/helmfile/helmfile/releases/assets/516813297"

[[tools."aqua:jqlang/jq"]]
version = "1.8.2"
backend = "aqua:jqlang/jq"
specifiers = ["1"]

[tools."aqua:jqlang/jq"."platforms.linux-x64"]
checksum = "sha256:b1c22172dd303f3be49e935aa56aa48a8b7a46e0bc838b4997d3bb451495870f"
url = "https://github.com/jqlang/jq/releases/download/jq-1.8.2/jq-linux-amd64"
url_api = "https://api.github.com/repos/jqlang/jq/releases/assets/453012752"
provenance = "github-attestations"

[tools."aqua:jqlang/jq"."platforms.macos-arm64"]
checksum = "sha256:2d75340ba57a4b4b4c8708a21c2dc8e958a48aaa8bba13b27f77f6e4c0eca07e"
url = "https://github.com/jqlang/jq/releases/download/jq-1.8.2/jq-macos-arm64"
url_api = "https://api.github.com/repos/jqlang/jq/releases/assets/453012783"
provenance = "github-attestations"

[[tools."aqua:kubernetes-sigs/kind"]]
version = "0.32.0"
backend = "aqua:kubernetes-sigs/kind"
specifiers = ["0.32.0"]

[tools."aqua:kubernetes-sigs/kind"."platforms.linux-x64"]
checksum = "sha256:50030de23cf40a18505f20426f6a8506bedf13c6e509244bd1fa9463721b0f54"
url = "https://github.com/kubernetes-sigs/kind/releases/download/v0.32.0/kind-linux-amd64"
url_api = "https://api.github.com/repos/kubernetes-sigs/kind/releases/assets/436442498"

[tools."aqua:kubernetes-sigs/kind"."platforms.macos-arm64"]
checksum = "sha256:dca67911095a110c2b5c36e26df6cac860c602033e456c0db47be498cdef1ebb"
url = "https://github.com/kubernetes-sigs/kind/releases/download/v0.32.0/kind-darwin-arm64"
url_api = "https://api.github.com/repos/kubernetes-sigs/kind/releases/assets/436442412"

[[tools."aqua:kubernetes-sigs/kustomize"]]
version = "5.8.1"
backend = "aqua:kubernetes-sigs/kustomize"
specifiers = ["5"]

[tools."aqua:kubernetes-sigs/kustomize"."platforms.linux-x64"]
checksum = "sha256:029a7f0f4e1932c52a0476cf02a0fd855c0bb85694b82c338fc648dcb53a819d"
url = "https://github.com/kubernetes-sigs/kustomize/releases/download/kustomize/v5.8.1/kustomize_v5.8.1_linux_amd64.tar.gz"
url_api = "https://api.github.com/repos/kubernetes-sigs/kustomize/releases/assets/353160972"

[tools."aqua:kubernetes-sigs/kustomize"."platforms.macos-arm64"]
checksum = "sha256:8886f8a78474e608cc81234f729fda188a9767da23e28925802f00ece2bab288"
url = "https://github.com/kubernetes-sigs/kustomize/releases/download/kustomize/v5.8.1/kustomize_v5.8.1_darwin_arm64.tar.gz"
url_api = "https://api.github.com/repos/kubernetes-sigs/kustomize/releases/assets/353160975"

[[tools."aqua:kubernetes/kubectl"]]
version = "1.36.4"
backend = "aqua:kubernetes/kubectl"
specifiers = ["1.36"]

[tools."aqua:kubernetes/kubectl"."platforms.linux-x64"]
checksum = "sha256:8b8f088da2dab964f853b38464033b1be15ede2839eca751482357c45abdd05a"
url = "https://dl.k8s.io/v1.36.4/bin/linux/amd64/kubectl"

[tools."aqua:kubernetes/kubectl"."platforms.macos-arm64"]
checksum = "sha256:c9e4f713d6fee0043a3d835cca13077cda2bc0973840eb9779360df0b5bdfc69"
url = "https://dl.k8s.io/v1.36.4/bin/darwin/arm64/kubectl"

[[tools."aqua:mikefarah/yq"]]
version = "4.53.6"
backend = "aqua:mikefarah/yq"
specifiers = ["4"]

[tools."aqua:mikefarah/yq"."platforms.linux-x64"]
checksum = "sha256:c5f056448f973ae7d39b5401949648a78f2dc1947d6a8eb65be60d5c504b9385"
url = "https://github.com/mikefarah/yq/releases/download/v4.53.6/yq_linux_amd64"
url_api = "https://api.github.com/repos/mikefarah/yq/releases/assets/522028022"
provenance = "cosign"

[tools."aqua:mikefarah/yq"."platforms.macos-arm64"]
checksum = "sha256:cceb0b8d71ea5294334121f8429f33f92b920e7217d904a2f9f35443968ac424"
url = "https://github.com/mikefarah/yq/releases/download/v4.53.6/yq_darwin_arm64"
url_api = "https://api.github.com/repos/mikefarah/yq/releases/assets/522028033"
provenance = "cosign"

[[tools."aqua:mitsuhiko/minijinja"]]
version = "2.24.0"
backend = "aqua:mitsuhiko/minijinja"
specifiers = ["2"]

[tools."aqua:mitsuhiko/minijinja"."platforms.linux-x64"]
checksum = "sha256:04651ea786eee8e6d5311caf96e01874d984ff72f3d3d91c2195851f0b414580"
url = "https://github.com/mitsuhiko/minijinja/releases/download/2.24.0/minijinja-cli-x86_64-unknown-linux-gnu.tar.xz"
url_api = "https://api.github.com/repos/mitsuhiko/minijinja/releases/assets/511868860"

[tools."aqua:mitsuhiko/minijinja"."platforms.macos-arm64"]
checksum = "sha256:a0f1525bcac485a80313cec7e835ed03335bd55bc14dc5cf070c7eb9789d9905"
url = "https://github.com/mitsuhiko/minijinja/releases/download/2.24.0/minijinja-cli-aarch64-apple-darwin.tar.xz"
url_api = "https://api.github.com/repos/mitsuhiko/minijinja/releases/assets/511868818"

[[tools."aqua:openbao/openbao/bao"]]
version = "2.6.2"
backend = "aqua:openbao/openbao/bao"
specifiers = ["2.6"]

[tools."aqua:openbao/openbao/bao"."platforms.linux-x64"]
checksum = "sha256:8dc11cc5fca0b539a9e352727dacb4e2d304daffcf9a66e0718ac325a20d05aa"
url = "https://github.com/openbao/openbao/releases/download/v2.6.2/openbao_2.6.2_linux_amd64.tar.gz"
url_api = "https://api.github.com/repos/openbao/openbao/releases/assets/519666884"
provenance = "cosign"

[tools."aqua:openbao/openbao/bao"."platforms.macos-arm64"]
checksum = "sha256:4e495376174accc0e014d31e9901f518a974f966850c839f626347eaac05fd52"
url = "https://github.com/openbao/openbao/releases/download/v2.6.2/openbao_2.6.2_darwin_arm64.tar.gz"
url_api = "https://api.github.com/repos/openbao/openbao/releases/assets/519666655"
provenance = "cosign"

[[tools."aqua:rhysd/actionlint"]]
version = "1.7.12"
backend = "aqua:rhysd/actionlint"
specifiers = ["1"]

[tools."aqua:rhysd/actionlint"."platforms.linux-x64"]
checksum = "sha256:8aca8db96f1b94770f1b0d72b6dddcb1ebb8123cb3712530b08cc387b349a3d8"
url = "https://github.com/rhysd/actionlint/releases/download/v1.7.12/actionlint_1.7.12_linux_amd64.tar.gz"
url_api = "https://api.github.com/repos/rhysd/actionlint/releases/assets/384924896"
provenance = "github-attestations"

[tools."aqua:rhysd/actionlint"."platforms.macos-arm64"]
checksum = "sha256:aba9ced2dee8d27fecca3dc7feb1a7f9a52caefa1eb46f3271ea66b6e0e6953f"
url = "https://github.com/rhysd/actionlint/releases/download/v1.7.12/actionlint_1.7.12_darwin_arm64.tar.gz"
url_api = "https://api.github.com/repos/rhysd/actionlint/releases/assets/384924893"
provenance = "github-attestations"

[[tools."aqua:siderolabs/talos"]]
version = "1.14.0-rc.2"
backend = "aqua:siderolabs/talos"
specifiers = ["1.14.0-rc.2"]

[tools."aqua:siderolabs/talos"."platforms.linux-x64"]
checksum = "sha256:ca70202fbb852775f70ffcb885e2866472b9a7e08865a23fd2cb9bc379bd7a88"
url = "https://github.com/siderolabs/talos/releases/download/v1.14.0-rc.2/talosctl-linux-amd64"
url_api = "https://api.github.com/repos/siderolabs/talos/releases/assets/528864640"
provenance = "cosign"

[tools."aqua:siderolabs/talos"."platforms.macos-arm64"]
checksum = "sha256:f6c9cc4c00270c64812944301ef6a166951d5b9633b0ca0c2976a631bfca8d32"
url = "https://github.com/siderolabs/talos/releases/download/v1.14.0-rc.2/talosctl-darwin-arm64"
url_api = "https://api.github.com/repos/siderolabs/talos/releases/assets/528864619"
provenance = "cosign"

[[tools."github:home-operations/flate"]]
version = "0.4.14"
backend = "github:home-operations/flate"
specifiers = ["0.4"]

[tools."github:home-operations/flate"."platforms.linux-x64"]
checksum = "sha256:1d5381c5550593025c7109ea92bb261cd01cccf7eb608a78db6f3fbbef0dab16"
url = "https://github.com/home-operations/flate/releases/download/v0.4.14/flate_0.4.14_linux_amd64.tar.gz"
url_api = "https://api.github.com/repos/home-operations/flate/releases/assets/505091875"

[tools."github:home-operations/flate"."platforms.macos-arm64"]
checksum = "sha256:94dd5847ed6849ac4187612b16e100970c157498baf1f8f7ec2bf5ca8ab866da"
url = "https://github.com/home-operations/flate/releases/download/v0.4.14/flate_0.4.14_darwin_arm64.tar.gz"
url_api = "https://api.github.com/repos/home-operations/flate/releases/assets/505091874"

[[tools."pipx:ansible-core"]]
version = "2.21.3"
backend = "pipx:ansible-core"
specifiers = ["2.21"]

[tools."pipx:ansible-core".options]
uvx_args = "--python 3.13 --with-requirements ansible/junos/requirements-controller.lock"

[[tools."pipx:ansible-lint"]]
version = "26.8.0"
backend = "pipx:ansible-lint"
specifiers = ["26"]

[tools."pipx:ansible-lint".options]
uvx_args = "--python 3.13 --with 'ansible-core~=2.21.0'"

[[tools."pipx:yamllint"]]
version = "1.38.0"
backend = "pipx:yamllint"
specifiers = ["1"]

[tools."pipx:yamllint".options]
uvx_args = "--python 3.13"

[[tools."pipx:zstd-bin"]]
version = "1.5.5"
backend = "pipx:zstd-bin"
specifiers = ["1.5.5"]

[tools."pipx:zstd-bin".options]
uvx_args = "--python 3.13"

[[tools.python]]
version = "3.13.15"
backend = "core:python"
specifiers = ["3.13"]

[tools.python."platforms.linux-x64"]
checksum = "sha256:aaca2af2ab4d7b68a712660d1334c0cfd5ec13c0312ccd30c29122d8d0342320"
url = "https://github.com/astral-sh/python-build-standalone/releases/download/20260814/cpython-3.13.15+20260814-x86_64-unknown-linux-gnu-install_only_stripped.tar.gz"
provenance = "github-attestations"

[tools.python."platforms.macos-arm64"]
checksum = "sha256:6d472fc49a4d95e58214a992c4c92aa73fe2a935837a01a9a36bab0bec6d72f3"
url = "https://github.com/astral-sh/python-build-standalone/releases/download/20260814/cpython-3.13.15+20260814-aarch64-apple-darwin-install_only_stripped.tar.gz"
provenance = "github-attestations"
